{
  "name": "zwave-controller",
  "version": "1.0.0",
  "lockfileVersion": 1,
  "requires": true,
  "dependencies": {
    "nan": {
      "version": "2.14.0",
      "resolved": "https://registry.npmjs.org/nan/-/nan-2.14.0.tgz",
      "integrity": "sha512-INOFj37C7k3AfaNTtX8RhsTw7qRy7eLET14cROi9+5HAVbbHuIWUHEauBv5qT4Av2tWasiTY1Jw6puUNqRJXQg=="
    },
    "openzwave-shared": {
      "version": "1.6.1",
      "resolved": "https://registry.npmjs.org/openzwave-shared/-/openzwave-shared-1.6.1.tgz",
      "integrity": "sha512-vT/Xh1+IdNRlItXCaCiqcCxRIBDmsJetOoVEiLf0JrSJJvctTBwQN+W1mf7q3rVRa9ct1lEEp2pNZww0TTXLMQ==",
      "requires": {
        "nan": ">=2.14.0"
      }
    }
  }
}
